github.com/golang/protobuf v1.5.2 h1:ROPKBNFfQgOUMifHyP+KYbvpjbdoFNs+aK7DXlji0Tw=
github.com/google/go-cmp v0.5.8 h1:e6P7q2lk1O+qJJb4BtCQXlK8vWEO8V1ZeuEdJNOqZyg=
golang.org/x/net v0.4.0 h1:Q5QPcMlvfxFTAPV0+07Xz/MpK9NTXu2VDUuy0FeMfaU=
golang.org/x/sys v0.3.0 h1:w8ZOecv6NaNa/zC8944JTU3vz4u6Lagfk4RPQxv92NQ=
golang.org/x/text v0.5.0 h1:OLmvp0KP+FVG99Ct/qFiL/Fhk4zp4QQnZ7b2U+5piUM=
google.golang.org/genproto v0.0.0-20200526211855-cb27e3aa2013 h1:+kGHl1aib/qcwaRi1CbqBZ1rk19r85MNUf8HaBghugY=
google.golang.org/grpc v1.51.0 h1:E1eGv1FTqoLIdnBCZufiSHgKjlqG6fKFf6pPWtMTh8U=
google.golang.org/protobuf v1.28.1 h1:d0NfwRgPtno5B1Wa6L2DAG+KivqkdutMf1UhdNx175w=
